// !$*UTF8*$!
{
	archiveVersion = 1;
	classes = {
	};
	objectVersion = 51;
	objects = {

/* Begin PBXBuildFile section */
		1925D13B26C94E4500CCB73A /* SubClassedUIButton.swift in Sources */ = {isa = PBXBuildFile; fileRef = 1925D13A26C94E4500CCB73A /* SubClassedUIButton.swift */; };
		1925EFE126C7EC2C0007F61A /* CellTableViewCell.swift in Sources */ = {isa = PBXBuildFile; fileRef = 1925EFE026C7EC2C0007F61A /* CellTableViewCell.swift */; };
		1925EFE326C80C3A0007F61A /* FavModel.swift in Sources */ = {isa = PBXBuildFile; fileRef = 1925EFE226C80C3A0007F61A /* FavModel.swift */; };
		1925EFE526C80C6D0007F61A /* HarryModel.swift in Sources */ = {isa = PBXBuildFile; fileRef = 1925EFE426C80C6D0007F61A /* HarryModel.swift */; };
		1925EFE726C80CC60007F61A /* ViewControllerViewModel.swift in Sources */ = {isa = PBXBuildFile; fileRef = 1925EFE626C80CC60007F61A /* ViewControllerViewModel.swift */; };
		1931DD8F26CA916E00C97280 /* DetailsVController.swift in Sources */ = {isa = PBXBuildFile; fileRef = 1931DD8E26CA916E00C97280 /* DetailsVController.swift */; };
		194A312B26D6842F00CB2161 /* Coordinator.swift in Sources */ = {isa = PBXBuildFile; fileRef = 194A312A26D6842F00CB2161 /* Coordinator.swift */; };
		194A312D26D6883B00CB2161 /* AppCoordinator.swift in Sources */ = {isa = PBXBuildFile; fileRef = 194A312C26D6883B00CB2161 /* AppCoordinator.swift */; };
		195AA71126CAF97200FAED6F /* DetailsVControllerVModel.swift in Sources */ = {isa = PBXBuildFile; fileRef = 195AA71026CAF97200FAED6F /* DetailsVControllerVModel.swift */; };
		197D00FB26D53225006A7AFB /* CoreDataProcessMain.swift in Sources */ = {isa = PBXBuildFile; fileRef = 197D00FA26D53225006A7AFB /* CoreDataProcessMain.swift */; };
		1989A85826D8FF7900F9E7A5 /* CoreDataProcessDetail.swift in Sources */ = {isa = PBXBuildFile; fileRef = 1989A85726D8FF7900F9E7A5 /* CoreDataProcessDetail.swift */; };
		198BEACF26D7E21F00878859 /* Details.storyboard in Resources */ = {isa = PBXBuildFile; fileRef = 198BEACE26D7E21F00878859 /* Details.storyboard */; };
		198BEAD326D7E3B300878859 /* Main.storyboard in Resources */ = {isa = PBXBuildFile; fileRef = 198BEAD226D7E3B300878859 /* Main.storyboard */; };
		19A112C126E7AC89008ED22B /* DetailsCoordinator.swift in Sources */ = {isa = PBXBuildFile; fileRef = 19A112C026E7AC89008ED22B /* DetailsCoordinator.swift */; };
		19E9334926E6BEC10050F8FB /* MainCoordinator.swift in Sources */ = {isa = PBXBuildFile; fileRef = 19E9334826E6BEC10050F8FB /* MainCoordinator.swift */; };
		19FBE76D26C690DD00E8292A /* AppDelegate.swift in Sources */ = {isa = PBXBuildFile; fileRef = 19FBE76C26C690DD00E8292A /* AppDelegate.swift */; };
		19FBE76F26C690DD00E8292A /* SceneDelegate.swift in Sources */ = {isa = PBXBuildFile; fileRef = 19FBE76E26C690DD00E8292A /* SceneDelegate.swift */; };
		19FBE77126C690DD00E8292A /* ViewController.swift in Sources */ = {isa = PBXBuildFile; fileRef = 19FBE77026C690DD00E8292A /* ViewController.swift */; };
		19FBE77726C690DD00E8292A /* pathodev1_mvvm.xcdatamodeld in Sources */ = {isa = PBXBuildFile; fileRef = 19FBE77526C690DD00E8292A /* pathodev1_mvvm.xcdatamodeld */; };
		19FBE77926C690DE00E8292A /* Assets.xcassets in Resources */ = {isa = PBXBuildFile; fileRef = 19FBE77826C690DE00E8292A /* Assets.xcassets */; };
		19FBE77C26C690DE00E8292A /* LaunchScreen.storyboard in Resources */ = {isa = PBXBuildFile; fileRef = 19FBE77A26C690DE00E8292A /* LaunchScreen.storyboard */; };
		19FBE78726C690DE00E8292A /* pathodev1_mvvmTests.swift in Sources */ = {isa = PBXBuildFile; fileRef = 19FBE78626C690DE00E8292A /* pathodev1_mvvmTests.swift */; };
		19FBE79226C690DE00E8292A /* pathodev1_mvvmUITests.swift in Sources */ = {isa = PBXBuildFile; fileRef = 19FBE79126C690DE00E8292A /* pathodev1_mvvmUITests.swift */; };
		1A2925035CF1C7E222658788 /* Pods_pathodev1_mvvm_pathodev1_mvvmUITests.framework in Frameworks */ = {isa = PBXBuildFile; fileRef = 65D11F0C9F131058F9BE9893 /* Pods_pathodev1_mvvm_pathodev1_mvvmUITests.framework */; };
		1B5F7239ED655D302340DC8F /* Pods_pathodev1_mvvmTests.framework in Frameworks */ = {isa = PBXBuildFile; fileRef = 380F33E607B583DA5FE3AC05 /* Pods_pathodev1_mvvmTests.framework */; };
		E0B2EC48F6AD2331E5B2A7CF /* Pods_pathodev1_mvvm.framework in Frameworks */ = {isa = PBXBuildFile; fileRef = 79C7DCF1C02942111BD5F1CA /* Pods_pathodev1_mvvm.framework */; };
/* End PBXBuildFile section */

/* Begin PBXContainerItemProxy section */
		19FBE78326C690DE00E8292A /* PBXContainerItemProxy */ = {
			isa = PBXContainerItemProxy;
			containerPortal = 19FBE76126C690DD00E8292A /* Project object */;
			proxyType = 1;
			remoteGlobalIDString = 19FBE76826C690DD00E8292A;
			remoteInfo = "pathodev1-mvvm";
		};
		19FBE78E26C690DE00E8292A /* PBXContainerItemProxy */ = {
			isa = PBXContainerItemProxy;
			containerPortal = 19FBE76126C690DD00E8292A /* Project object */;
			proxyType = 1;
			remoteGlobalIDString = 19FBE76826C690DD00E8292A;
			remoteInfo = "pathodev1-mvvm";
		};
/* End PBXContainerItemProxy section */

/* Begin PBXFileReference section */
		0B72E101A9CD33E7FC11AC03 /* Pods-pathodev1-mvvmTests.debug.xcconfig */ = {isa = PBXFileReference; includeInIndex = 1; lastKnownFileType = text.xcconfig; name = "Pods-pathodev1-mvvmTests.debug.xcconfig"; path = "Target Support Files/Pods-pathodev1-mvvmTests/Pods-pathodev1-mvvmTests.debug.xcconfig"; sourceTree = "<group>"; };
		1925D13A26C94E4500CCB73A /* SubClassedUIButton.swift */ = {isa = PBXFileReference; lastKnownFileType = sourcecode.swift; path = SubClassedUIButton.swift; sourceTree = "<group>"; };
		1925EFE026C7EC2C0007F61A /* CellTableViewCell.swift */ = {isa = PBXFileReference; lastKnownFileType = sourcecode.swift; path = CellTableViewCell.swift; sourceTree = "<group>"; };
		1925EFE226C80C3A0007F61A /* FavModel.swift */ = {isa = PBXFileReference; lastKnownFileType = sourcecode.swift; path = FavModel.swift; sourceTree = "<group>"; };
		1925EFE426C80C6D0007F61A /* HarryModel.swift */ = {isa = PBXFileReference; lastKnownFileType = sourcecode.swift; path = HarryModel.swift; sourceTree = "<group>"; };
		1925EFE626C80CC60007F61A /* ViewControllerViewModel.swift */ = {isa = PBXFileReference; lastKnownFileType = sourcecode.swift; path = ViewControllerViewModel.swift; sourceTree = "<group>"; };
		1931DD8E26CA916E00C97280 /* DetailsVController.swift */ = {isa = PBXFileReference; lastKnownFileType = sourcecode.swift; path = DetailsVController.swift; sourceTree = "<group>"; };
		194A312A26D6842F00CB2161 /* Coordinator.swift */ = {isa = PBXFileReference; lastKnownFileType = sourcecode.swift; path = Coordinator.swift; sourceTree = "<group>"; };
		194A312C26D6883B00CB2161 /* AppCoordinator.swift */ = {isa = PBXFileReference; lastKnownFileType = sourcecode.swift; path = AppCoordinator.swift; sourceTree = "<group>"; };
		195AA71026CAF97200FAED6F /* DetailsVControllerVModel.swift */ = {isa = PBXFileReference; lastKnownFileType = sourcecode.swift; path = DetailsVControllerVModel.swift; sourceTree = "<group>"; };
		197D00FA26D53225006A7AFB /* CoreDataProcessMain.swift */ = {isa = PBXFileReference; lastKnownFileType = sourcecode.swift; path = CoreDataProcessMain.swift; sourceTree = "<group>"; };
		1989A85726D8FF7900F9E7A5 /* CoreDataProcessDetail.swift */ = {isa = PBXFileReference; lastKnownFileType = sourcecode.swift; path = CoreDataProcessDetail.swift; sourceTree = "<group>"; };
		198BEACE26D7E21F00878859 /* Details.storyboard */ = {isa = PBXFileReference; lastKnownFileType = file.storyboard; path = Details.storyboard; sourceTree = "<group>"; };
		198BEAD226D7E3B300878859 /* Main.storyboard */ = {isa = PBXFileReference; fileEncoding = 4; lastKnownFileType = file.storyboard; path = Main.storyboard; sourceTree = "<group>"; };
		19A112C026E7AC89008ED22B /* DetailsCoordinator.swift */ = {isa = PBXFileReference; lastKnownFileType = sourcecode.swift; path = DetailsCoordinator.swift; sourceTree = "<group>"; };
		19E9334826E6BEC10050F8FB /* MainCoordinator.swift */ = {isa = PBXFileReference; lastKnownFileType = sourcecode.swift; path = MainCoordinator.swift; sourceTree = "<group>"; };
		19FBE76926C690DD00E8292A /* pathodev1-mvvm.app */ = {isa = PBXFileReference; explicitFileType = wrapper.application; includeInIndex = 0; path = "pathodev1-mvvm.app"; sourceTree = BUILT_PRODUCTS_DIR; };
		19FBE76C26C690DD00E8292A /* AppDelegate.swift */ = {isa = PBXFileReference; lastKnownFileType = sourcecode.swift; path = AppDelegate.swift; sourceTree = "<group>"; };
		19FBE76E26C690DD00E8292A /* SceneDelegate.swift */ = {isa = PBXFileReference; lastKnownFileType = sourcecode.swift; path = SceneDelegate.swift; sourceTree = "<group>"; };
		19FBE77026C690DD00E8292A /* ViewController.swift */ = {isa = PBXFileReference; lastKnownFileType = sourcecode.swift; path = ViewController.swift; sourceTree = "<group>"; };
		19FBE77626C690DD00E8292A /* pathodev1_mvvm.xcdatamodel */ = {isa = PBXFileReference; lastKnownFileType = wrapper.xcdatamodel; path = pathodev1_mvvm.xcdatamodel; sourceTree = "<group>"; };
		19FBE77826C690DE00E8292A /* Assets.xcassets */ = {isa = PBXFileReference; lastKnownFileType = folder.assetcatalog; path = Assets.xcassets; sourceTree = "<group>"; };
		19FBE77B26C690DE00E8292A /* Base */ = {isa = PBXFileReference; lastKnownFileType = file.storyboard; name = Base; path = Base.lproj/LaunchScreen.storyboard; sourceTree = "<group>"; };
		19FBE77D26C690DE00E8292A /* Info.plist */ = {isa = PBXFileReference; lastKnownFileType = text.plist.xml; path = Info.plist; sourceTree = "<group>"; };
		19FBE78226C690DE00E8292A /* pathodev1-mvvmTests.xctest */ = {isa = PBXFileReference; explicitFileType = wrapper.cfbundle; includeInIndex = 0; path = "pathodev1-mvvmTests.xctest"; sourceTree = BUILT_PRODUCTS_DIR; };
		19FBE78626C690DE00E8292A /* pathodev1_mvvmTests.swift */ = {isa = PBXFileReference; lastKnownFileType = sourcecode.swift; path = pathodev1_mvvmTests.swift; sourceTree = "<group>"; };
		19FBE78826C690DE00E8292A /* Info.plist */ = {isa = PBXFileReference; lastKnownFileType = text.plist.xml; path = Info.plist; sourceTree = "<group>"; };
		19FBE78D26C690DE00E8292A /* pathodev1-mvvmUITests.xctest */ = {isa = PBXFileReference; explicitFileType = wrapper.cfbundle; includeInIndex = 0; path = "pathodev1-mvvmUITests.xctest"; sourceTree = BUILT_PRODUCTS_DIR; };
		19FBE79126C690DE00E8292A /* pathodev1_mvvmUITests.swift */ = {isa = PBXFileReference; lastKnownFileType = sourcecode.swift; path = pathodev1_mvvmUITests.swift; sourceTree = "<group>"; };
		19FBE79326C690DE00E8292A /* Info.plist */ = {isa = PBXFileReference; lastKnownFileType = text.plist.xml; path = Info.plist; sourceTree = "<group>"; };
		2D8ACC1828C8F063AAE6EE93 /* Pods-pathodev1-mvvmTests.release.xcconfig */ = {isa = PBXFileReference; includeInIndex = 1; lastKnownFileType = text.xcconfig; name = "Pods-pathodev1-mvvmTests.release.xcconfig"; path = "Target Support Files/Pods-pathodev1-mvvmTests/Pods-pathodev1-mvvmTests.release.xcconfig"; sourceTree = "<group>"; };
		380F33E607B583DA5FE3AC05 /* Pods_pathodev1_mvvmTests.framework */ = {isa = PBXFileReference; explicitFileType = wrapper.framework; includeInIndex = 0; path = Pods_pathodev1_mvvmTests.framework; sourceTree = BUILT_PRODUCTS_DIR; };
		42811E1F95218B394CCF929B /* Pods-pathodev1-mvvm-pathodev1-mvvmUITests.debug.xcconfig */ = {isa = PBXFileReference; includeInIndex = 1; lastKnownFileType = text.xcconfig; name = "Pods-pathodev1-mvvm-pathodev1-mvvmUITests.debug.xcconfig"; path = "Target Support Files/Pods-pathodev1-mvvm-pathodev1-mvvmUITests/Pods-pathodev1-mvvm-pathodev1-mvvmUITests.debug.xcconfig"; sourceTree = "<group>"; };
		65D11F0C9F131058F9BE9893 /* Pods_pathodev1_mvvm_pathodev1_mvvmUITests.framework */ = {isa = PBXFileReference; explicitFileType = wrapper.framework; includeInIndex = 0; path = Pods_pathodev1_mvvm_pathodev1_mvvmUITests.framework; sourceTree = BUILT_PRODUCTS_DIR; };
		785EB3270514BBB2A40C8CA1 /* Pods-pathodev1-mvvm.release.xcconfig */ = {isa = PBXFileReference; includeInIndex = 1; lastKnownFileType = text.xcconfig; name = "Pods-pathodev1-mvvm.release.xcconfig"; path = "Target Support Files/Pods-pathodev1-mvvm/Pods-pathodev1-mvvm.release.xcconfig"; sourceTree = "<group>"; };
		79C7DCF1C02942111BD5F1CA /* Pods_pathodev1_mvvm.framework */ = {isa = PBXFileReference; explicitFileType = wrapper.framework; includeInIndex = 0; path = Pods_pathodev1_mvvm.framework; sourceTree = BUILT_PRODUCTS_DIR; };
		9099E20A8AEBF31933A28971 /* Pods-pathodev1-mvvm.debug.xcconfig */ = {isa = PBXFileReference; includeInIndex = 1; lastKnownFileType = text.xcconfig; name = "Pods-pathodev1-mvvm.debug.xcconfig"; path = "Target Support Files/Pods-pathodev1-mvvm/Pods-pathodev1-mvvm.debug.xcconfig"; sourceTree = "<group>"; };
		E3BE490B0777C29E626EFA2D /* Pods-pathodev1-mvvm-pathodev1-mvvmUITests.release.xcconfig */ = {isa = PBXFileReference; includeInIndex = 1; lastKnownFileType = text.xcconfig; name = "Pods-pathodev1-mvvm-pathodev1-mvvmUITests.release.xcconfig"; path = "Target Support Files/Pods-pathodev1-mvvm-pathodev1-mvvmUITests/Pods-pathodev1-mvvm-pathodev1-mvvmUITests.release.xcconfig"; sourceTree = "<group>"; };
/* End PBXFileReference section */

/* Begin PBXFrameworksBuildPhase section */
		19FBE76626C690DD00E8292A /* Frameworks */ = {
			isa = PBXFrameworksBuildPhase;
			buildActionMask = 2147483647;
			files = (
				E0B2EC48F6AD2331E5B2A7CF /* Pods_pathodev1_mvvm.framework in Frameworks */,
			);
			runOnlyForDeploymentPostprocessing = 0;
		};
		19FBE77F26C690DE00E8292A /* Frameworks */ = {
			isa = PBXFrameworksBuildPhase;
			buildActionMask = 2147483647;
			files = (
				1B5F7239ED655D302340DC8F /* Pods_pathodev1_mvvmTests.framework in Frameworks */,
			);
			runOnlyForDeploymentPostprocessing = 0;
		};
		19FBE78A26C690DE00E8292A /* Frameworks */ = {
			isa = PBXFrameworksBuildPhase;
			buildActionMask = 2147483647;
			files = (
				1A2925035CF1C7E222658788 /* Pods_pathodev1_mvvm_pathodev1_mvvmUITests.framework in Frameworks */,
			);
			runOnlyForDeploymentPostprocessing = 0;
		};
/* End PBXFrameworksBuildPhase section */

/* Begin PBXGroup section */
		1925EFDE26C7EA9B0007F61A /* Views */ = {
			isa = PBXGroup;
			children = (
				1925D13A26C94E4500CCB73A /* SubClassedUIButton.swift */,
				1925EFE026C7EC2C0007F61A /* CellTableViewCell.swift */,
			);
			path = Views;
			sourceTree = "<group>";
		};
		1989A85226D8FE0E00F9E7A5 /* MainScene */ = {
			isa = PBXGroup;
			children = (
				198BEAD226D7E3B300878859 /* Main.storyboard */,
				1989A85926D9004100F9E7A5 /* CoreDataProcess */,
				1989A85626D8FE4D00F9E7A5 /* ViewModel */,
				1989A85326D8FE1D00F9E7A5 /* Controller */,
			);
			path = MainScene;
			sourceTree = "<group>";
		};
		1989A85326D8FE1D00F9E7A5 /* Controller */ = {
			isa = PBXGroup;
			children = (
				19FBE77026C690DD00E8292A /* ViewController.swift */,
			);
			path = Controller;
			sourceTree = "<group>";
		};
		1989A85526D8FE3F00F9E7A5 /* Models */ = {
			isa = PBXGroup;
			children = (
				1925EFE426C80C6D0007F61A /* HarryModel.swift */,
				1925EFE226C80C3A0007F61A /* FavModel.swift */,
			);
			path = Models;
			sourceTree = "<group>";
		};
		1989A85626D8FE4D00F9E7A5 /* ViewModel */ = {
			isa = PBXGroup;
			children = (
				1925EFE626C80CC60007F61A /* ViewControllerViewModel.swift */,
			);
			path = ViewModel;
			sourceTree = "<group>";
		};
		1989A85926D9004100F9E7A5 /* CoreDataProcess */ = {
			isa = PBXGroup;
			children = (
				197D00FA26D53225006A7AFB /* CoreDataProcessMain.swift */,
			);
			path = CoreDataProcess;
			sourceTree = "<group>";
		};
		1989A85A26D9009000F9E7A5 /* DetailScene */ = {
			isa = PBXGroup;
			children = (
				198BEACE26D7E21F00878859 /* Details.storyboard */,
				1925EFDE26C7EA9B0007F61A /* Views */,
				1989A85D26D900BD00F9E7A5 /* CoreDataProcess */,
				1989A85C26D900A900F9E7A5 /* ViewModel */,
				1989A85B26D9009D00F9E7A5 /* Controller */,
			);
			path = DetailScene;
			sourceTree = "<group>";
		};
		1989A85B26D9009D00F9E7A5 /* Controller */ = {
			isa = PBXGroup;
			children = (
				1931DD8E26CA916E00C97280 /* DetailsVController.swift */,
			);
			path = Controller;
			sourceTree = "<group>";
		};
		1989A85C26D900A900F9E7A5 /* ViewModel */ = {
			isa = PBXGroup;
			children = (
				195AA71026CAF97200FAED6F /* DetailsVControllerVModel.swift */,
			);
			path = ViewModel;
			sourceTree = "<group>";
		};
		1989A85D26D900BD00F9E7A5 /* CoreDataProcess */ = {
			isa = PBXGroup;
			children = (
				1989A85726D8FF7900F9E7A5 /* CoreDataProcessDetail.swift */,
			);
			path = CoreDataProcess;
			sourceTree = "<group>";
		};
		1989A85E26D9023200F9E7A5 /* Coordinators */ = {
			isa = PBXGroup;
			children = (
				194A312A26D6842F00CB2161 /* Coordinator.swift */,
				194A312C26D6883B00CB2161 /* AppCoordinator.swift */,
				19E9334826E6BEC10050F8FB /* MainCoordinator.swift */,
				19A112C026E7AC89008ED22B /* DetailsCoordinator.swift */,
			);
			path = Coordinators;
			sourceTree = "<group>";
		};
		19FBE76026C690DD00E8292A = {
			isa = PBXGroup;
			children = (
				19FBE76B26C690DD00E8292A /* pathodev1-mvvm */,
				19FBE78526C690DE00E8292A /* pathodev1-mvvmTests */,
				19FBE79026C690DE00E8292A /* pathodev1-mvvmUITests */,
				19FBE76A26C690DD00E8292A /* Products */,
				7F784693BF59EE0DFBA5A01C /* Pods */,
				C25FE8BA76FD08ADBA83CF3D /* Frameworks */,
			);
			sourceTree = "<group>";
		};
		19FBE76A26C690DD00E8292A /* Products */ = {
			isa = PBXGroup;
			children = (
				19FBE76926C690DD00E8292A /* pathodev1-mvvm.app */,
				19FBE78226C690DE00E8292A /* pathodev1-mvvmTests.xctest */,
				19FBE78D26C690DE00E8292A /* pathodev1-mvvmUITests.xctest */,
			);
			name = Products;
			sourceTree = "<group>";
		};
		19FBE76B26C690DD00E8292A /* pathodev1-mvvm */ = {
			isa = PBXGroup;
			children = (
				1989A85226D8FE0E00F9E7A5 /* MainScene */,
				1989A85A26D9009000F9E7A5 /* DetailScene */,
				1989A85E26D9023200F9E7A5 /* Coordinators */,
				1989A85526D8FE3F00F9E7A5 /* Models */,
				19FBE76C26C690DD00E8292A /* AppDelegate.swift */,
				19FBE76E26C690DD00E8292A /* SceneDelegate.swift */,
				19FBE77826C690DE00E8292A /* Assets.xcassets */,
				19FBE77A26C690DE00E8292A /* LaunchScreen.storyboard */,
				19FBE77D26C690DE00E8292A /* Info.plist */,
				19FBE77526C690DD00E8292A /* pathodev1_mvvm.xcdatamodeld */,
			);
			path = "pathodev1-mvvm";
			sourceTree = "<group>";
		};
		19FBE78526C690DE00E8292A /* pathodev1-mvvmTests */ = {
			isa = PBXGroup;
			children = (
				19FBE78626C690DE00E8292A /* pathodev1_mvvmTests.swift */,
				19FBE78826C690DE00E8292A /* Info.plist */,
			);
			path = "pathodev1-mvvmTests";
			sourceTree = "<group>";
		};
		19FBE79026C690DE00E8292A /* pathodev1-mvvmUITests */ = {
			isa = PBXGroup;
			children = (
				19FBE79126C690DE00E8292A /* pathodev1_mvvmUITests.swift */,
				19FBE79326C690DE00E8292A /* Info.plist */,
			);
			path = "pathodev1-mvvmUITests";
			sourceTree = "<group>";
		};
		7F784693BF59EE0DFBA5A01C /* Pods */ = {
			isa = PBXGroup;
			children = (
				9099E20A8AEBF31933A28971 /* Pods-pathodev1-mvvm.debug.xcconfig */,
				785EB3270514BBB2A40C8CA1 /* Pods-pathodev1-mvvm.release.xcconfig */,
				42811E1F95218B394CCF929B /* Pods-pathodev1-mvvm-pathodev1-mvvmUITests.debug.xcconfig */,
				E3BE490B0777C29E626EFA2D /* Pods-pathodev1-mvvm-pathodev1-mvvmUITests.release.xcconfig */,
				0B72E101A9CD33E7FC11AC03 /* Pods-pathodev1-mvvmTests.debug.xcconfig */,
				2D8ACC1828C8F063AAE6EE93 /* Pods-pathodev1-mvvmTests.release.xcconfig */,
			);
			path = Pods;
			sourceTree = "<group>";
		};
		C25FE8BA76FD08ADBA83CF3D /* Frameworks */ = {
			isa = PBXGroup;
			children = (
				79C7DCF1C02942111BD5F1CA /* Pods_pathodev1_mvvm.framework */,
				65D11F0C9F131058F9BE9893 /* Pods_pathodev1_mvvm_pathodev1_mvvmUITests.framework */,
				380F33E607B583DA5FE3AC05 /* Pods_pathodev1_mvvmTests.framework */,
			);
			name = Frameworks;
			sourceTree = "<group>";
		};
/* End PBXGroup section */

/* Begin PBXNativeTarget section */
		19FBE76826C690DD00E8292A /* pathodev1-mvvm */ = {
			isa = PBXNativeTarget;
			buildConfigurationList = 19FBE79626C690DE00E8292A /* Build configuration list for PBXNativeTarget "pathodev1-mvvm" */;
			buildPhases = (
				1E11BFF2EA12B1039258C88B /* [CP] Check Pods Manifest.lock */,
				19FBE76526C690DD00E8292A /* Sources */,
				19FBE76626C690DD00E8292A /* Frameworks */,
				19FBE76726C690DD00E8292A /* Resources */,
				32EF6CDD9AEA299C47D131DC /* [CP] Embed Pods Frameworks */,
			);
			buildRules = (
			);
			dependencies = (
			);
			name = "pathodev1-mvvm";
			productName = "pathodev1-mvvm";
			productReference = 19FBE76926C690DD00E8292A /* pathodev1-mvvm.app */;
			productType = "com.apple.product-type.application";
		};
		19FBE78126C690DE00E8292A /* pathodev1-mvvmTests */ = {
			isa = PBXNativeTarget;
			buildConfigurationList = 19FBE79926C690DE00E8292A /* Build configuration list for PBXNativeTarget "pathodev1-mvvmTests" */;
			buildPhases = (
				F690B820E259D9FA38718B47 /* [CP] Check Pods Manifest.lock */,
				19FBE77E26C690DE00E8292A /* Sources */,
				19FBE77F26C690DE00E8292A /* Frameworks */,
				19FBE78026C690DE00E8292A /* Resources */,
			);
			buildRules = (
			);
			dependencies = (
				19FBE78426C690DE00E8292A /* PBXTargetDependency */,
			);
			name = "pathodev1-mvvmTests";
			productName = "pathodev1-mvvmTests";
			productReference = 19FBE78226C690DE00E8292A /* pathodev1-mvvmTests.xctest */;
			productType = "com.apple.product-type.bundle.unit-test";
		};
		19FBE78C26C690DE00E8292A /* pathodev1-mvvmUITests */ = {
			isa = PBXNativeTarget;
			buildConfigurationList = 19FBE79C26C690DE00E8292A /* Build configuration list for PBXNativeTarget "pathodev1-mvvmUITests" */;
			buildPhases = (
				813AA3890BA3922482E4DE49 /* [CP] Check Pods Manifest.lock */,
				19FBE78926C690DE00E8292A /* Sources */,
				19FBE78A26C690DE00E8292A /* Frameworks */,
				19FBE78B26C690DE00E8292A /* Resources */,
				33DF3DB9D56A2F5BD34C9645 /* [CP] Embed Pods Frameworks */,
			);
			buildRules = (
			);
			dependencies = (
				19FBE78F26C690DE00E8292A /* PBXTargetDependency */,
			);
			name = "pathodev1-mvvmUITests";
			productName = "pathodev1-mvvmUITests";
			productReference = 19FBE78D26C690DE00E8292A /* pathodev1-mvvmUITests.xctest */;
			productType = "com.apple.product-type.bundle.ui-testing";
		};
/* End PBXNativeTarget section */

/* Begin PBXProject section */
		19FBE76126C690DD00E8292A /* Project object */ = {
			isa = PBXProject;
			attributes = {
				LastSwiftUpdateCheck = 1250;
				LastUpgradeCheck = 1250;
				TargetAttributes = {
					19FBE76826C690DD00E8292A = {
						CreatedOnToolsVersion = 12.5;
					};
					19FBE78126C690DE00E8292A = {
						CreatedOnToolsVersion = 12.5;
						TestTargetID = 19FBE76826C690DD00E8292A;
					};
					19FBE78C26C690DE00E8292A = {
						CreatedOnToolsVersion = 12.5;
						TestTargetID = 19FBE76826C690DD00E8292A;
					};
				};
			};
			buildConfigurationList = 19FBE76426C690DD00E8292A /* Build configuration list for PBXProject "pathodev1-mvvm" */;
			compatibilityVersion = "Xcode 9.3";
			developmentRegion = en;
			hasScannedForEncodings = 0;
			knownRegions = (
				en,
				Base,
			);
			mainGroup = 19FBE76026C690DD00E8292A;
			productRefGroup = 19FBE76A26C690DD00E8292A /* Products */;
			projectDirPath = "";
			projectRoot = "";
			targets = (
				19FBE76826C690DD00E8292A /* pathodev1-mvvm */,
				19FBE78126C690DE00E8292A /* pathodev1-mvvmTests */,
				19FBE78C26C690DE00E8292A /* pathodev1-mvvmUITests */,
			);
		};
/* End PBXProject section */

/* Begin PBXResourcesBuildPhase section */
		19FBE76726C690DD00E8292A /* Resources */ = {
			isa = PBXResourcesBuildPhase;
			buildActionMask = 2147483647;
			files = (
				19FBE77C26C690DE00E8292A /* LaunchScreen.storyboard in Resources */,
				19FBE77926C690DE00E8292A /* Assets.xcassets in Resources */,
				198BEACF26D7E21F00878859 /* Details.storyboard in Resources */,
				198BEAD326D7E3B300878859 /* Main.storyboard in Resources */,
			);
			runOnlyForDeploymentPostprocessing = 0;
		};
		19FBE78026C690DE00E8292A /* Resources */ = {
			isa = PBXResourcesBuildPhase;
			buildActionMask = 2147483647;
			files = (
			);
			runOnlyForDeploymentPostprocessing = 0;
		};
		19FBE78B26C690DE00E8292A /* Resources */ = {
			isa = PBXResourcesBuildPhase;
			buildActionMask = 2147483647;
			files = (
			);
			runOnlyForDeploymentPostprocessing = 0;
		};
/* End PBXResourcesBuildPhase section */

/* Begin PBXShellScriptBuildPhase section */
		1E11BFF2EA12B1039258C88B /* [CP] Check Pods Manifest.lock */ = {
			isa = PBXShellScriptBuildPhase;
			buildActionMask = 2147483647;
			files = (
			);
			inputFileListPaths = (
			);
			inputPaths = (
				"${PODS_PODFILE_DIR_PATH}/Podfile.lock",
				"${PODS_ROOT}/Manifest.lock",
			);
			name = "[CP] Check Pods Manifest.lock";
			outputFileListPaths = (
			);
			outputPaths = (
				"$(DERIVED_FILE_DIR)/Pods-pathodev1-mvvm-checkManifestLockResult.txt",
			);
			runOnlyForDeploymentPostprocessing = 0;
			shellPath = /bin/sh;
			shellScript = "diff \"${PODS_PODFILE_DIR_PATH}/Podfile.lock\" \"${PODS_ROOT}/Manifest.lock\" > /dev/null\nif [ $? != 0 ] ; then\n    # print error to STDERR\n    echo \"error: The sandbox is not in sync with the Podfile.lock. Run 'pod install' or update your CocoaPods installation.\" >&2\n    exit 1\nfi\n# This output is used by Xcode 'outputs' to avoid re-running this script phase.\necho \"SUCCESS\" > \"${SCRIPT_OUTPUT_FILE_0}\"\n";
			showEnvVarsInLog = 0;
		};
		32EF6CDD9AEA299C47D131DC /* [CP] Embed Pods Frameworks */ = {
			isa = PBXShellScriptBuildPhase;
			buildActionMask = 2147483647;
			files = (
			);
			inputFileListPaths = (
				"${PODS_ROOT}/Target Support Files/Pods-pathodev1-mvvm/Pods-pathodev1-mvvm-frameworks-${CONFIGURATION}-input-files.xcfilelist",
			);
			name = "[CP] Embed Pods Frameworks";
			outputFileListPaths = (
				"${PODS_ROOT}/Target Support Files/Pods-pathodev1-mvvm/Pods-pathodev1-mvvm-frameworks-${CONFIGURATION}-output-files.xcfilelist",
			);
			runOnlyForDeploymentPostprocessing = 0;
			shellPath = /bin/sh;
			shellScript = "\"${PODS_ROOT}/Target Support Files/Pods-pathodev1-mvvm/Pods-pathodev1-mvvm-frameworks.sh\"\n";
			showEnvVarsInLog = 0;
		};
		33DF3DB9D56A2F5BD34C9645 /* [CP] Embed Pods Frameworks */ = {
			isa = PBXShellScriptBuildPhase;
			buildActionMask = 2147483647;
			files = (
			);
			inputFileListPaths = (
				"${PODS_ROOT}/Target Support Files/Pods-pathodev1-mvvm-pathodev1-mvvmUITests/Pods-pathodev1-mvvm-pathodev1-mvvmUITests-frameworks-${CONFIGURATION}-input-files.xcfilelist",
			);
			name = "[CP] Embed Pods Frameworks";
			outputFileListPaths = (
				"${PODS_ROOT}/Target Support Files/Pods-pathodev1-mvvm-pathodev1-mvvmUITests/Pods-pathodev1-mvvm-pathodev1-mvvmUITests-frameworks-${CONFIGURATION}-output-files.xcfilelist",
			);
			runOnlyForDeploymentPostprocessing = 0;
			shellPath = /bin/sh;
			shellScript = "\"${PODS_ROOT}/Target Support Files/Pods-pathodev1-mvvm-pathodev1-mvvmUITests/Pods-pathodev1-mvvm-pathodev1-mvvmUITests-frameworks.sh\"\n";
			showEnvVarsInLog = 0;
		};
		813AA3890BA3922482E4DE49 /* [CP] Check Pods Manifest.lock */ = {
			isa = PBXShellScriptBuildPhase;
			buildActionMask = 2147483647;
			files = (
			);
			inputFileListPaths = (
			);
			inputPaths = (
				"${PODS_PODFILE_DIR_PATH}/Podfile.lock",
				"${PODS_ROOT}/Manifest.lock",
			);
			name = "[CP] Check Pods Manifest.lock";
			outputFileListPaths = (
			);
			outputPaths = (
				"$(DERIVED_FILE_DIR)/Pods-pathodev1-mvvm-pathodev1-mvvmUITests-checkManifestLockResult.txt",
			);
			runOnlyForDeploymentPostprocessing = 0;
			shellPath = /bin/sh;
			shellScript = "diff \"${PODS_PODFILE_DIR_PATH}/Podfile.lock\" \"${PODS_ROOT}/Manifest.lock\" > /dev/null\nif [ $? != 0 ] ; then\n    # print error to STDERR\n    echo \"error: The sandbox is not in sync with the Podfile.lock. Run 'pod install' or update your CocoaPods installation.\" >&2\n    exit 1\nfi\n# This output is used by Xcode 'outputs' to avoid re-running this script phase.\necho \"SUCCESS\" > \"${SCRIPT_OUTPUT_FILE_0}\"\n";
			showEnvVarsInLog = 0;
		};
		F690B820E259D9FA38718B47 /* [CP] Check Pods Manifest.lock */ = {
			isa = PBXShellScriptBuildPhase;
			buildActionMask = 2147483647;
			files = (
			);
			inputFileListPaths = (
			);
			inputPaths = (
				"${PODS_PODFILE_DIR_PATH}/Podfile.lock",
				"${PODS_ROOT}/Manifest.lock",
			);
			name = "[CP] Check Pods Manifest.lock";
			outputFileListPaths = (
			);
			outputPaths = (
				"$(DERIVED_FILE_DIR)/Pods-pathodev1-mvvmTests-checkManifestLockResult.txt",
			);
			runOnlyForDeploymentPostprocessing = 0;
			shellPath = /bin/sh;
			shellScript = "diff \"${PODS_PODFILE_DIR_PATH}/Podfile.lock\" \"${PODS_ROOT}/Manifest.lock\" > /dev/null\nif [ $? != 0 ] ; then\n    # print error to STDERR\n    echo \"error: The sandbox is not in sync with the Podfile.lock. Run 'pod install' or update your CocoaPods installation.\" >&2\n    exit 1\nfi\n# This output is used by Xcode 'outputs' to avoid re-running this script phase.\necho \"SUCCESS\" > \"${SCRIPT_OUTPUT_FILE_0}\"\n";
			showEnvVarsInLog = 0;
		};
/* End PBXShellScriptBuildPhase section */

/* Begin PBXSourcesBuildPhase section */
		19FBE76526C690DD00E8292A /* Sources */ = {
			isa = PBXSourcesBuildPhase;
			buildActionMask = 2147483647;
			files = (
				195AA71126CAF97200FAED6F /* DetailsVControllerVModel.swift in Sources */,
				194A312D26D6883B00CB2161 /* AppCoordinator.swift in Sources */,
				1925EFE126C7EC2C0007F61A /* CellTableViewCell.swift in Sources */,
				194A312B26D6842F00CB2161 /* Coordinator.swift in Sources */,
				1925EFE726C80CC60007F61A /* ViewControllerViewModel.swift in Sources */,
				19FBE77726C690DD00E8292A /* pathodev1_mvvm.xcdatamodeld in Sources */,
				19A112C126E7AC89008ED22B /* DetailsCoordinator.swift in Sources */,
				1925EFE526C80C6D0007F61A /* HarryModel.swift in Sources */,
				19FBE77126C690DD00E8292A /* ViewController.swift in Sources */,
				1925EFE326C80C3A0007F61A /* FavModel.swift in Sources */,
				19E9334926E6BEC10050F8FB /* MainCoordinator.swift in Sources */,
				19FBE76D26C690DD00E8292A /* AppDelegate.swift in Sources */,
				19FBE76F26C690DD00E8292A /* SceneDelegate.swift in Sources */,
				1925D13B26C94E4500CCB73A /* SubClassedUIButton.swift in Sources */,
				197D00FB26D53225006A7AFB /* CoreDataProcessMain.swift in Sources */,
				1989A85826D8FF7900F9E7A5 /* CoreDataProcessDetail.swift in Sources */,
				1931DD8F26CA916E00C97280 /* DetailsVController.swift in Sources */,
			);
			runOnlyForDeploymentPostprocessing = 0;
		};
		19FBE77E26C690DE00E8292A /* Sources */ = {
			isa = PBXSourcesBuildPhase;
			buildActionMask = 2147483647;
			files = (
				19FBE78726C690DE00E8292A /* pathodev1_mvvmTests.swift in Sources */,
			);
			runOnlyForDeploymentPostprocessing = 0;
		};
		19FBE78926C690DE00E8292A /* Sources */ = {
			isa = PBXSourcesBuildPhase;
			buildActionMask = 2147483647;
			files = (
				19FBE79226C690DE00E8292A /* pathodev1_mvvmUITests.swift in Sources */,
			);
			runOnlyForDeploymentPostprocessing = 0;
		};
/* End PBXSourcesBuildPhase section */

/* Begin PBXTargetDependency section */
		19FBE78426C690DE00E8292A /* PBXTargetDependency */ = {
			isa = PBXTargetDependency;
			target = 19FBE76826C690DD00E8292A /* pathodev1-mvvm */;
			targetProxy = 19FBE78326C690DE00E8292A /* PBXContainerItemProxy */;
		};
		19FBE78F26C690DE00E8292A /* PBXTargetDependency */ = {
			isa = PBXTargetDependency;
			target = 19FBE76826C690DD00E8292A /* pathodev1-mvvm */;
			targetProxy = 19FBE78E26C690DE00E8292A /* PBXContainerItemProxy */;
		};
/* End PBXTargetDependency section */

/* Begin PBXVariantGroup section */
		19FBE77A26C690DE00E8292A /* LaunchScreen.storyboard */ = {
			isa = PBXVariantGroup;
			children = (
				19FBE77B26C690DE00E8292A /* Base */,
			);
			name = LaunchScreen.storyboard;
			sourceTree = "<group>";
		};
/* End PBXVariantGroup section */

/* Begin XCBuildConfiguration section */
		19FBE79426C690DE00E8292A /* Debug */ = {
			isa = XCBuildConfiguration;
			buildSettings = {
				ALWAYS_SEARCH_USER_PATHS = NO;
				CLANG_ANALYZER_NONNULL = YES;
				CLANG_ANALYZER_NUMBER_OBJECT_CONVERSION = YES_AGGRESSIVE;
				CLANG_CXX_LANGUAGE_STANDARD = "gnu++14";
				CLANG_CXX_LIBRARY = "libc++";
				CLANG_ENABLE_MODULES = YES;
				CLANG_ENABLE_OBJC_ARC = YES;
				CLANG_ENABLE_OBJC_WEAK = YES;
				CLANG_WARN_BLOCK_CAPTURE_AUTORELEASING = YES;
				CLANG_WARN_BOOL_CONVERSION = YES;
				CLANG_WARN_COMMA = YES;
				CLANG_WARN_CONSTANT_CONVERSION = YES;
				CLANG_WARN_DEPRECATED_OBJC_IMPLEMENTATIONS = YES;
				CLANG_WARN_DIRECT_OBJC_ISA_USAGE = YES_ERROR;
				CLANG_WARN_DOCUMENTATION_COMMENTS = YES;
				CLANG_WARN_EMPTY_BODY = YES;
				CLANG_WARN_ENUM_CONVERSION = YES;
				CLANG_WARN_INFINITE_RECURSION = YES;
				CLANG_WARN_INT_CONVERSION = YES;
				CLANG_WARN_NON_LITERAL_NULL_CONVERSION = YES;
				CLANG_WARN_OBJC_IMPLICIT_RETAIN_SELF = YES;
				CLANG_WARN_OBJC_LITERAL_CONVERSION = YES;
				CLANG_WARN_OBJC_ROOT_CLASS = YES_ERROR;
				CLANG_WARN_QUOTED_INCLUDE_IN_FRAMEWORK_HEADER = YES;
				CLANG_WARN_RANGE_LOOP_ANALYSIS = YES;
				CLANG_WARN_STRICT_PROTOTYPES = YES;
				CLANG_WARN_SUSPICIOUS_MOVE = YES;
				CLANG_WARN_UNGUARDED_AVAILABILITY = YES_AGGRESSIVE;
				CLANG_WARN_UNREACHABLE_CODE = YES;
				CLANG_WARN__DUPLICATE_METHOD_MATCH = YES;
				COPY_PHASE_STRIP = NO;
				DEBUG_INFORMATION_FORMAT = dwarf;
				ENABLE_STRICT_OBJC_MSGSEND = YES;
				ENABLE_TESTABILITY = YES;
				GCC_C_LANGUAGE_STANDARD = gnu11;
				GCC_DYNAMIC_NO_PIC = NO;
				GCC_NO_COMMON_BLOCKS = YES;
				GCC_OPTIMIZATION_LEVEL = 0;
				GCC_PREPROCESSOR_DEFINITIONS = (
					"DEBUG=1",
					"$(inherited)",
				);
				GCC_WARN_64_TO_32_BIT_CONVERSION = YES;
				GCC_WARN_ABOUT_RETURN_TYPE = YES_ERROR;
				GCC_WARN_UNDECLARED_SELECTOR = YES;
				GCC_WARN_UNINITIALIZED_AUTOS = YES_AGGRESSIVE;
				GCC_WARN_UNUSED_FUNCTION = YES;
				GCC_WARN_UNUSED_VARIABLE = YES;
				IPHONEOS_DEPLOYMENT_TARGET = 14.5;
				MTL_ENABLE_DEBUG_INFO = INCLUDE_SOURCE;
				MTL_FAST_MATH = YES;
				ONLY_ACTIVE_ARCH = YES;
				SDKROOT = iphoneos;
				SWIFT_ACTIVE_COMPILATION_CONDITIONS = DEBUG;
				SWIFT_OPTIMIZATION_LEVEL = "-Onone";
			};
			name = Debug;
		};
		19FBE79526C690DE00E8292A /* Release */ = {
			isa = XCBuildConfiguration;
			buildSettings = {
				ALWAYS_SEARCH_USER_PATHS = NO;
				CLANG_ANALYZER_NONNULL = YES;
				CLANG_ANALYZER_NUMBER_OBJECT_CONVERSION = YES_AGGRESSIVE;
				CLANG_CXX_LANGUAGE_STANDARD = "gnu++14";
				CLANG_CXX_LIBRARY = "libc++";
				CLANG_ENABLE_MODULES = YES;
				CLANG_ENABLE_OBJC_ARC = YES;
				CLANG_ENABLE_OBJC_WEAK = YES;
				CLANG_WARN_BLOCK_CAPTURE_AUTORELEASING = YES;
				CLANG_WARN_BOOL_CONVERSION = YES;
				CLANG_WARN_COMMA = YES;
				CLANG_WARN_CONSTANT_CONVERSION = YES;
				CLANG_WARN_DEPRECATED_OBJC_IMPLEMENTATIONS = YES;
				CLANG_WARN_DIRECT_OBJC_ISA_USAGE = YES_ERROR;
				CLANG_WARN_DOCUMENTATION_COMMENTS = YES;
				CLANG_WARN_EMPTY_BODY = YES;
				CLANG_WARN_ENUM_CONVERSION = YES;
				CLANG_WARN_INFINITE_RECURSION = YES;
				CLANG_WARN_INT_CONVERSION = YES;
				CLANG_WARN_NON_LITERAL_NULL_CONVERSION = YES;
				CLANG_WARN_OBJC_IMPLICIT_RETAIN_SELF = YES;
				CLANG_WARN_OBJC_LITERAL_CONVERSION = YES;
				CLANG_WARN_OBJC_ROOT_CLASS = YES_ERROR;
				CLANG_WARN_QUOTED_INCLUDE_IN_FRAMEWORK_HEADER = YES;
				CLANG_WARN_RANGE_LOOP_ANALYSIS = YES;
				CLANG_WARN_STRICT_PROTOTYPES = YES;
				CLANG_WARN_SUSPICIOUS_MOVE = YES;
				CLANG_WARN_UNGUARDED_AVAILABILITY = YES_AGGRESSIVE;
				CLANG_WARN_UNREACHABLE_CODE = YES;
				CLANG_WARN__DUPLICATE_METHOD_MATCH = YES;
				COPY_PHASE_STRIP = NO;
				DEBUG_INFORMATION_FORMAT = "dwarf-with-dsym";
				ENABLE_NS_ASSERTIONS = NO;
				ENABLE_STRICT_OBJC_MSGSEND = YES;
				GCC_C_LANGUAGE_STANDARD = gnu11;
				GCC_NO_COMMON_BLOCKS = YES;
				GCC_WARN_64_TO_32_BIT_CONVERSION = YES;
				GCC_WARN_ABOUT_RETURN_TYPE = YES_ERROR;
				GCC_WARN_UNDECLARED_SELECTOR = YES;
				GCC_WARN_UNINITIALIZED_AUTOS = YES_AGGRESSIVE;
				GCC_WARN_UNUSED_FUNCTION = YES;
				GCC_WARN_UNUSED_VARIABLE = YES;
				IPHONEOS_DEPLOYMENT_TARGET = 14.5;
				MTL_ENABLE_DEBUG_INFO = NO;
				MTL_FAST_MATH = YES;
				SDKROOT = iphoneos;
				SWIFT_COMPILATION_MODE = wholemodule;
				SWIFT_OPTIMIZATION_LEVEL = "-O";
				VALIDATE_PRODUCT = YES;
			};
			name = Release;
		};
		19FBE79726C690DE00E8292A /* Debug */ = {
			isa = XCBuildConfiguration;
			baseConfigurationReference = 9099E20A8AEBF31933A28971 /* Pods-pathodev1-mvvm.debug.xcconfig */;
			buildSettings = {
				ASSETCATALOG_COMPILER_APPICON_NAME = AppIcon;
				ASSETCATALOG_COMPILER_GLOBAL_ACCENT_COLOR_NAME = AccentColor;
				CODE_SIGN_STYLE = Automatic;
				DEVELOPMENT_TEAM = BL2HWGNS92;
				INFOPLIST_FILE = "pathodev1-mvvm/Info.plist";
				LD_RUNPATH_SEARCH_PATHS = (
					"$(inherited)",
					"@executable_path/Frameworks",
				);
				PRODUCT_BUNDLE_IDENTIFIER = "com.erdem.resimler.pathodev1-mvvm";
				PRODUCT_NAME = "$(TARGET_NAME)";
				SWIFT_VERSION = 5.0;
				TARGETED_DEVICE_FAMILY = "1,2";
			};
			name = Debug;
		};
		19FBE79826C690DE00E8292A /* Release */ = {
			isa = XCBuildConfiguration;
			baseConfigurationReference = 785EB3270514BBB2A40C8CA1 /* Pods-pathodev1-mvvm.release.xcconfig */;
			buildSettings = {
				ASSETCATALOG_COMPILER_APPICON_NAME = AppIcon;
				ASSETCATALOG_COMPILER_GLOBAL_ACCENT_COLOR_NAME = AccentColor;
				CODE_SIGN_STYLE = Automatic;
				DEVELOPMENT_TEAM = BL2HWGNS92;
				INFOPLIST_FILE = "pathodev1-mvvm/Info.plist";
				LD_RUNPATH_SEARCH_PATHS = (
					"$(inherited)",
					"@executable_path/Frameworks",
				);
				PRODUCT_BUNDLE_IDENTIFIER = "com.erdem.resimler.pathodev1-mvvm";
				PRODUCT_NAME = "$(TARGET_NAME)";
				SWIFT_VERSION = 5.0;
				TARGETED_DEVICE_FAMILY = "1,2";
			};
			name = Release;
		};
		19FBE79A26C690DE00E8292A /* Debug */ = {
			isa = XCBuildConfiguration;
			baseConfigurationReference = 0B72E101A9CD33E7FC11AC03 /* Pods-pathodev1-mvvmTests.debug.xcconfig */;
			buildSettings = {
				ALWAYS_EMBED_SWIFT_STANDARD_LIBRARIES = YES;
				BUNDLE_LOADER = "$(TEST_HOST)";
				CODE_SIGN_STYLE = Automatic;
				DEVELOPMENT_TEAM = BL2HWGNS92;
				INFOPLIST_FILE = "pathodev1-mvvmTests/Info.plist";
				IPHONEOS_DEPLOYMENT_TARGET = 14.5;
				LD_RUNPATH_SEARCH_PATHS = (
					"$(inherited)",
					"@executable_path/Frameworks",
					"@loader_path/Frameworks",
				);
				PRODUCT_BUNDLE_IDENTIFIER = "com.erdem.resimler.pathodev1-mvvmTests";
				PRODUCT_NAME = "$(TARGET_NAME)";
				SWIFT_VERSION = 5.0;
				TARGETED_DEVICE_FAMILY = "1,2";
				TEST_HOST = "$(BUILT_PRODUCTS_DIR)/pathodev1-mvvm.app/pathodev1-mvvm";
			};
			name = Debug;
		};
		19FBE79B26C690DE00E8292A /* Release */ = {
			isa = XCBuildConfiguration;
			baseConfigurationReference = 2D8ACC1828C8F063AAE6EE93 /* Pods-pathodev1-mvvmTests.release.xcconfig */;
			buildSettings = {
				ALWAYS_EMBED_SWIFT_STANDARD_LIBRARIES = YES;
				BUNDLE_LOADER = "$(TEST_HOST)";
				CODE_SIGN_STYLE = Automatic;
				DEVELOPMENT_TEAM = BL2HWGNS92;
				INFOPLIST_FILE = "pathodev1-mvvmTests/Info.plist";
				IPHONEOS_DEPLOYMENT_TARGET = 14.5;
				LD_RUNPATH_SEARCH_PATHS = (
					"$(inherited)",
					"@executable_path/Frameworks",
					"@loader_path/Frameworks",
				);
				PRODUCT_BUNDLE_IDENTIFIER = "com.erdem.resimler.pathodev1-mvvmTests";
				PRODUCT_NAME = "$(TARGET_NAME)";
				SWIFT_VERSION = 5.0;
				TARGETED_DEVICE_FAMILY = "1,2";
				TEST_HOST = "$(BUILT_PRODUCTS_DIR)/pathodev1-mvvm.app/pathodev1-mvvm";
			};
			name = Release;
		};
		19FBE79D26C690DE00E8292A /* Debug */ = {
			isa = XCBuildConfiguration;
			baseConfigurationReference = 42811E1F95218B394CCF929B /* Pods-pathodev1-mvvm-pathodev1-mvvmUITests.debug.xcconfig */;
			buildSettings = {
				ALWAYS_EMBED_SWIFT_STANDARD_LIBRARIES = YES;
				CODE_SIGN_STYLE = Automatic;
				DEVELOPMENT_TEAM = BL2HWGNS92;
				INFOPLIST_FILE = "pathodev1-mvvmUITests/Info.plist";
				LD_RUNPATH_SEARCH_PATHS = (
					"$(inherited)",
					"@executable_path/Frameworks",
					"@loader_path/Frameworks",
				);
				PRODUCT_BUNDLE_IDENTIFIER = "com.erdem.resimler.pathodev1-mvvmUITests";
				PRODUCT_NAME = "$(TARGET_NAME)";
				SWIFT_VERSION = 5.0;
				TARGETED_DEVICE_FAMILY = "1,2";
				TEST_TARGET_NAME = "pathodev1-mvvm";
			};
			name = Debug;
		};
		19FBE79E26C690DE00E8292A /* Release */ = {
			isa = XCBuildConfiguration;
			baseConfigurationReference = E3BE490B0777C29E626EFA2D /* Pods-pathodev1-mvvm-pathodev1-mvvmUITests.release.xcconfig */;
			buildSettings = {
				ALWAYS_EMBED_SWIFT_STANDARD_LIBRARIES = YES;
				CODE_SIGN_STYLE = Automatic;
				DEVELOPMENT_TEAM = BL2HWGNS92;
				INFOPLIST_FILE = "pathodev1-mvvmUITests/Info.plist";
				LD_RUNPATH_SEARCH_PATHS = (
					"$(inherited)",
					"@executable_path/Frameworks",
					"@loader_path/Frameworks",
				);
				PRODUCT_BUNDLE_IDENTIFIER = "com.erdem.resimler.pathodev1-mvvmUITests";
				PRODUCT_NAME = "$(TARGET_NAME)";
				SWIFT_VERSION = 5.0;
				TARGETED_DEVICE_FAMILY = "1,2";
				TEST_TARGET_NAME = "pathodev1-mvvm";
			};
			name = Release;
		};
/* End XCBuildConfiguration section */

/* Begin XCConfigurationList section */
		19FBE76426C690DD00E8292A /* Build configuration list for PBXProject "pathodev1-mvvm" */ = {
			isa = XCConfigurationList;
			buildConfigurations = (
				19FBE79426C690DE00E8292A /* Debug */,
				19FBE79526C690DE00E8292A /* Release */,
			);
			defaultConfigurationIsVisible = 0;
			defaultConfigurationName = Release;
		};
		19FBE79626C690DE00E8292A /* Build configuration list for PBXNativeTarget "pathodev1-mvvm" */ = {
			isa = XCConfigurationList;
			buildConfigurations = (
				19FBE79726C690DE00E8292A /* Debug */,
				19FBE79826C690DE00E8292A /* Release */,
			);
			defaultConfigurationIsVisible = 0;
			defaultConfigurationName = Release;
		};
		19FBE79926C690DE00E8292A /* Build configuration list for PBXNativeTarget "pathodev1-mvvmTests" */ = {
			isa = XCConfigurationList;
			buildConfigurations = (
				19FBE79A26C690DE00E8292A /* Debug */,
				19FBE79B26C690DE00E8292A /* Release */,
			);
			defaultConfigurationIsVisible = 0;
			defaultConfigurationName = Release;
		};
		19FBE79C26C690DE00E8292A /* Build configuration list for PBXNativeTarget "pathodev1-mvvmUITests" */ = {
			isa = XCConfigurationList;
			buildConfigurations = (
				19FBE79D26C690DE00E8292A /* Debug */,
				19FBE79E26C690DE00E8292A /* Release */,
			);
			defaultConfigurationIsVisible = 0;
			defaultConfigurationName = Release;
		};
/* End XCConfigurationList section */

/* Begin XCVersionGroup section */
		19FBE77526C690DD00E8292A /* pathodev1_mvvm.xcdatamodeld */ = {
			isa = XCVersionGroup;
			children = (
				19FBE77626C690DD00E8292A /* pathodev1_mvvm.xcdatamodel */,
			);
			currentVersion = 19FBE77626C690DD00E8292A /* pathodev1_mvvm.xcdatamodel */;
			path = pathodev1_mvvm.xcdatamodeld;
			sourceTree = "<group>";
			versionGroupType = wrapper.xcdatamodel;
		};
/* End XCVersionGroup section */
	};
	rootObject = 19FBE76126C690DD00E8292A /* Project object */;
}
